
Microsoft Visual Studio Solution File, Format Version 12.00
# Visual Studio Version 17
VisualStudioVersion = 17.9.34616.47
MinimumVisualStudioVersion = 10.0.40219.1
Project("{FAE04EC0-301F-11D3-BF4B-00C04F79EFBC}") = "Tube_Player", "Tube_Player\Tube_Player.csproj", "{600B4096-66B4-4211-993F-04DDEC3E8AC1}"
EndProject
Global
	GlobalSection(SolutionConfigurationPlatforms) = preSolution
		Debug|Any CPU = Debug|Any CPU
		Release|Any CPU = Release|Any CPU
	EndGlobalSection
	GlobalSection(ProjectConfigurationPlatforms) = postSolution
		{600B4096-66B4-4211-993F-04DDEC3E8AC1}.Debug|Any CPU.ActiveCfg = Debug|Any CPU
		{600B4096-66B4-4211-993F-04DDEC3E8AC1}.Debug|Any CPU.Build.0 = Debug|Any CPU
		{600B4096-66B4-4211-993F-04DDEC3E8AC1}.Debug|Any CPU.Deploy.0 = Debug|Any CPU
		{600B4096-66B4-4211-993F-04DDEC3E8AC1}.Release|Any CPU.ActiveCfg = Release|Any CPU
		{600B4096-66B4-4211-993F-04DDEC3E8AC1}.Release|Any CPU.Build.0 = Release|Any CPU
		{600B4096-66B4-4211-993F-04DDEC3E8AC1}.Release|Any CPU.Deploy.0 = Release|Any CPU
	EndGlobalSection
	GlobalSection(SolutionProperties) = preSolution
		HideSolutionNode = FALSE
	EndGlobalSection
	GlobalSection(ExtensibilityGlobals) = postSolution
		SolutionGuid = {E60F22EF-C46C-4D79-A71F-21DF6FCC9DDE}
	EndGlobalSection
EndGlobal
